{
  "version": 2,
  "dependencies": {
    "net8.0": {
      "AsyncFixer": {
        "type": "Direct",
        "requested": "[1.6.0, )",
        "resolved": "1.6.0",
        "contentHash": "/Xfs9H3UMfEv64cwT+C/JrTRp4w08BmPuFbj0ageadCHpx6rxYJxAU2C6sEqRFG22xmGk5cX9ewzoiiehWVHOw=="
      },
      "Meziantou.Analyzer": {
        "type": "Direct",
        "requested": "[2.0.188, )",
        "resolved": "2.0.188",
        "contentHash": "2S5o86NsBhGUWXIyxUfqfd0Eo7Tk+3d8bXm9qiaa/N53l9lkyIMiBINyz+MKW0Qrg1Psq7TW35J4PeK73OHYrA=="
      },
      "Microsoft.CodeAnalysis": {
        "type": "Direct",
        "requested": "[4.11.0, )",
        "resolved": "4.11.0",
        "contentHash": "liYhSvQO+cFgshRdrL1CVXwrTd7oP5PnYyE6hfwosv9zmnxszFIgI3ysWG9wXt3iLL1mvdWhtciuiQqZAgTbZQ==",
        "dependencies": {
          "Humanizer.Core": "2.14.1",
          "Microsoft.Bcl.AsyncInterfaces": "8.0.0",
          "Microsoft.CodeAnalysis.Analyzers": "3.3.4",
          "Microsoft.CodeAnalysis.CSharp.Workspaces": "[4.11.0]",
          "Microsoft.CodeAnalysis.VisualBasic.Workspaces": "[4.11.0]",
          "System.Buffers": "4.5.1",
          "System.Collections.Immutable": "8.0.0",
          "System.Composition": "8.0.0",
          "System.IO.Pipelines": "8.0.0",
          "System.Memory": "4.5.5",
          "System.Numerics.Vectors": "4.5.0",
          "System.Reflection.Metadata": "8.0.0",
          "System.Runtime.CompilerServices.Unsafe": "6.0.0",
          "System.Text.Encoding.CodePages": "7.0.0",
          "System.Threading.Channels": "7.0.0",
          "System.Threading.Tasks.Extensions": "4.5.4"
        }
      },
      "Microsoft.CodeAnalysis.Compilers": {
        "type": "Direct",
        "requested": "[4.11.0, )",
        "resolved": "4.11.0",
        "contentHash": "CUzCrfuWGR5+kEoXpU8vkvBPJN96j29oFvULNagO5Cob4XPny5tv/2roh1OZimmojpAtC8hX6stKTlna9stgFA==",
        "dependencies": {
          "Microsoft.CodeAnalysis.Analyzers": "3.3.4",
          "Microsoft.CodeAnalysis.CSharp": "[4.11.0]",
          "Microsoft.CodeAnalysis.VisualBasic": "[4.11.0]",
          "System.Buffers": "4.5.1",
          "System.Collections.Immutable": "8.0.0",
          "System.Memory": "4.5.5",
          "System.Numerics.Vectors": "4.5.0",
          "System.Reflection.Metadata": "8.0.0",
          "System.Runtime.CompilerServices.Unsafe": "6.0.0",
          "System.Text.Encoding.CodePages": "7.0.0",
          "System.Threading.Tasks.Extensions": "4.5.4"
        }
      },
      "Microsoft.CodeAnalysis.CSharp.CodeStyle": {
        "type": "Direct",
        "requested": "[4.11.0, )",
        "resolved": "4.11.0",
        "contentHash": "lcKLcYWr0vtRcGcmLs9WMilKT1DwoOaDIGvkuIX5t2exqVluHGCEBoE/R5zsoealJUDJb8BTu6ODPwpDb/JZug=="
      },
      "Microsoft.CodeAnalysis.NetAnalyzers": {
        "type": "Direct",
        "requested": "[8.0.0, )",
        "resolved": "8.0.0",
        "contentHash": "DxiTgkCl3CGq1rYmBX2wjY7XGbxiBdL4J+/AJIAFLKy5z70NxhnVRnPghnicXZ8oF6JKVXlW3xwznRbI3ioEKg=="
      },
      "Nerdbank.GitVersioning": {
        "type": "Direct",
        "requested": "[3.7.115, )",
        "resolved": "3.7.115",
        "contentHash": "EpXamaAdRfG/BMxGgvZlTM0npRnkmXUjAj8OdNKd17t4oN+2nvjdv/KnFmzOOMDqvlwB49UCwtOHJrAQTfUBtQ=="
      },
      "Roslynator.Analyzers": {
        "type": "Direct",
        "requested": "[4.13.1, )",
        "resolved": "4.13.1",
        "contentHash": "KZpLy6ZlCebMk+d/3I5KU2R7AOb4LNJ6tPJqPtvFXmO8bEBHQvCIAvJOnY2tu4C9/aVOROTDYUFADxFqw1gh/g=="
      },
      "SecurityCodeScan.VS2019": {
        "type": "Direct",
        "requested": "[5.6.7, )",
        "resolved": "5.6.7",
        "contentHash": "WIE9RJswdSc2j+rLz2gW6U+gMUjMHzY2j7C/CL8/R2olXNM/+twarfMnWqm+rZodDBvaYDApJyxM8mVYf9FGrQ=="
      },
      "StyleCop.Analyzers": {
        "type": "Direct",
        "requested": "[1.2.0-beta.556, )",
        "resolved": "1.2.0-beta.556",
        "contentHash": "llRPgmA1fhC0I0QyFLEcjvtM2239QzKr/tcnbsjArLMJxJlu0AA5G7Fft0OI30pHF3MW63Gf4aSSsjc5m82J1Q==",
        "dependencies": {
          "StyleCop.Analyzers.Unstable": "1.2.0.556"
        }
      },
      "Humanizer.Core": {
        "type": "Transitive",
        "resolved": "2.14.1",
        "contentHash": "lQKvtaTDOXnoVJ20ibTuSIOf2i0uO0MPbDhd1jm238I+U/2ZnRENj0cktKZhtchBMtCUSRQ5v4xBCUbKNmyVMw=="
      },
      "Microsoft.Bcl.AsyncInterfaces": {
        "type": "Transitive",
        "resolved": "8.0.0",
        "contentHash": "3WA9q9yVqJp222P3x1wYIGDAkpjAku0TMUaaQV22g6L67AI0LdOIrVS7Ht2vJfLHGSPVuqN94vIr15qn+HEkHw=="
      },
      "Microsoft.CodeAnalysis.Analyzers": {
        "type": "Transitive",
        "resolved": "3.3.4",
        "contentHash": "AxkxcPR+rheX0SmvpLVIGLhOUXAKG56a64kV9VQZ4y9gR9ZmPXnqZvHJnmwLSwzrEP6junUF11vuc+aqo5r68g=="
      },
      "Microsoft.CodeAnalysis.Common": {
        "type": "Transitive",
        "resolved": "4.11.0",
        "contentHash": "djf8ujmqYImFgB04UGtcsEhHrzVqzHowS+EEl/Yunc5LdrYrZhGBWUTXoCF0NzYXJxtfuD+UVQarWpvrNc94Qg==",
        "dependencies": {
          "Microsoft.CodeAnalysis.Analyzers": "3.3.4",
          "System.Collections.Immutable": "8.0.0",
          "System.Reflection.Metadata": "8.0.0"
        }
      },
      "Microsoft.CodeAnalysis.CSharp": {
        "type": "Transitive",
        "resolved": "4.11.0",
        "contentHash": "6XYi2EusI8JT4y2l/F3VVVS+ISoIX9nqHsZRaG6W5aFeJ5BEuBosHfT/ABb73FN0RZ1Z3cj2j7cL28SToJPXOw==",
        "dependencies": {
          "Microsoft.CodeAnalysis.Analyzers": "3.3.4",
          "Microsoft.CodeAnalysis.Common": "[4.11.0]",
          "System.Collections.Immutable": "8.0.0",
          "System.Reflection.Metadata": "8.0.0"
        }
      },
      "Microsoft.CodeAnalysis.CSharp.Workspaces": {
        "type": "Transitive",
        "resolved": "4.11.0",
        "contentHash": "/oRJPIMvzOfiunIegSF6FEa4VvBAUSXlbLDKxyzXuOZN9nLHg3fHuX6Mr9JZLNIupbe2xqQZEmfsPxgB01vCmg==",
        "dependencies": {
          "Humanizer.Core": "2.14.1",
          "Microsoft.CodeAnalysis.Analyzers": "3.3.4",
          "Microsoft.CodeAnalysis.CSharp": "[4.11.0]",
          "Microsoft.CodeAnalysis.Common": "[4.11.0]",
          "Microsoft.CodeAnalysis.Workspaces.Common": "[4.11.0]",
          "System.Collections.Immutable": "8.0.0",
          "System.Composition": "8.0.0",
          "System.IO.Pipelines": "8.0.0",
          "System.Reflection.Metadata": "8.0.0",
          "System.Threading.Channels": "7.0.0"
        }
      },
      "Microsoft.CodeAnalysis.VisualBasic": {
        "type": "Transitive",
        "resolved": "4.11.0",
        "contentHash": "1ypssIzZvsDtzyN8tFqZdKS8cl7MAQQ6eBjHGCJ9paLNlmnBd2kCo1GRr8kO0yWaFN/Io2JXaTeeHRDZLiKKyw==",
        "dependencies": {
          "Microsoft.CodeAnalysis.Analyzers": "3.3.4",
          "Microsoft.CodeAnalysis.Common": "[4.11.0]",
          "System.Collections.Immutable": "8.0.0",
          "System.Reflection.Metadata": "8.0.0"
        }
      },
      "Microsoft.CodeAnalysis.VisualBasic.Workspaces": {
        "type": "Transitive",
        "resolved": "4.11.0",
        "contentHash": "mXpuVE6TW+YbXbErkNFCy0iH5OY3HOva+CUpGxOJcLXol9/vevigR1FtC9lOl7fFB55r+T+lG/WAXd5nLsiDGg==",
        "dependencies": {
          "Humanizer.Core": "2.14.1",
          "Microsoft.CodeAnalysis.Analyzers": "3.3.4",
          "Microsoft.CodeAnalysis.Common": "[4.11.0]",
          "Microsoft.CodeAnalysis.VisualBasic": "[4.11.0]",
          "Microsoft.CodeAnalysis.Workspaces.Common": "[4.11.0]",
          "System.Collections.Immutable": "8.0.0",
          "System.Composition": "8.0.0",
          "System.IO.Pipelines": "8.0.0",
          "System.Reflection.Metadata": "8.0.0",
          "System.Threading.Channels": "7.0.0"
        }
      },
      "Microsoft.CodeAnalysis.Workspaces.Common": {
        "type": "Transitive",
        "resolved": "4.11.0",
        "contentHash": "UtwEt42V7/LnvAcschSlmUXRLEj0poX1H7QeFbY5bezcS+tJBCssAq8C7GfisgIA0qZPo2xzOrwKGBbg51CetA==",
        "dependencies": {
          "Humanizer.Core": "2.14.1",
          "Microsoft.CodeAnalysis.Analyzers": "3.3.4",
          "Microsoft.CodeAnalysis.Common": "[4.11.0]",
          "System.Collections.Immutable": "8.0.0",
          "System.Composition": "8.0.0",
          "System.IO.Pipelines": "8.0.0",
          "System.Reflection.Metadata": "8.0.0",
          "System.Threading.Channels": "7.0.0"
        }
      },
      "StyleCop.Analyzers.Unstable": {
        "type": "Transitive",
        "resolved": "1.2.0.556",
        "contentHash": "zvn9Mqs/ox/83cpYPignI8hJEM2A93s2HkHs8HYMOAQW0PkampyoErAiIyKxgTLqbbad29HX/shv/6LGSjPJNQ=="
      },
      "System.Buffers": {
        "type": "Transitive",
        "resolved": "4.5.1",
        "contentHash": "Rw7ijyl1qqRS0YQD/WycNst8hUUMgrMH4FCn1nNm27M4VxchZ1js3fVjQaANHO5f3sN4isvP4a+Met9Y4YomAg=="
      },
      "System.Collections.Immutable": {
        "type": "Transitive",
        "resolved": "8.0.0",
        "contentHash": "AurL6Y5BA1WotzlEvVaIDpqzpIPvYnnldxru8oXJU2yFxFUy3+pNXjXd1ymO+RA0rq0+590Q8gaz2l3Sr7fmqg=="
      },
      "System.Composition": {
        "type": "Transitive",
        "resolved": "8.0.0",
        "contentHash": "E9oO9olNNxA39J8CxQwf7ceIPm+j/B/PhYpyK9M4LhN/OLLRw6u5fNInkhVqaWueMB9iXxYqnwqwgz+W91loIA==",
        "dependencies": {
          "System.Composition.AttributedModel": "8.0.0",
          "System.Composition.Convention": "8.0.0",
          "System.Composition.Hosting": "8.0.0",
          "System.Composition.Runtime": "8.0.0",
          "System.Composition.TypedParts": "8.0.0"
        }
      },
      "System.Composition.AttributedModel": {
        "type": "Transitive",
        "resolved": "8.0.0",
        "contentHash": "NyElSuvmBMYdn2iPG0n29i7Igu0bq99izOP3MAtEwskY3OP9jqsavvVmPn9lesVaj/KT/o/QkNjA43dOJTsDQw=="
      },
      "System.Composition.Convention": {
        "type": "Transitive",
        "resolved": "8.0.0",
        "contentHash": "UuVkc1B3vQU/LzEbWLMZ1aYVssv4rpShzf8wPEyrUqoGNqdYKREmB8bXR73heOMKkwS6ZnPz3PjGODT2MenukQ==",
        "dependencies": {
          "System.Composition.AttributedModel": "8.0.0"
        }
      },
      "System.Composition.Hosting": {
        "type": "Transitive",
        "resolved": "8.0.0",
        "contentHash": "qwbONqoxlazxcbiohvb3t1JWZgKIKcRdXS5uEeLbo5wtuBupIbAvdC3PYTAeBCZrZeERvrtAbhYHuuS43Zr1bQ==",
        "dependencies": {
          "System.Composition.Runtime": "8.0.0"
        }
      },
      "System.Composition.Runtime": {
        "type": "Transitive",
        "resolved": "8.0.0",
        "contentHash": "G+kRyB5/6+3ucRRQz+DF4uSHGqpkK8Q4ilVdbt4zvxpmvLVZNmSkyFAQpJLcbOyVF85aomJx0m+TGMDVlwx7ZQ=="
      },
      "System.Composition.TypedParts": {
        "type": "Transitive",
        "resolved": "8.0.0",
        "contentHash": "DsSklhuA+Dsgo3ZZrar8hjBFvq1wa1grrkNCTt+6SoX3vq0Vy+HXJnVXrU/nNH1BjlGH684A7h4hJQHZd/u5mA==",
        "dependencies": {
          "System.Composition.AttributedModel": "8.0.0",
          "System.Composition.Hosting": "8.0.0",
          "System.Composition.Runtime": "8.0.0"
        }
      },
      "System.IO.Pipelines": {
        "type": "Transitive",
        "resolved": "8.0.0",
        "contentHash": "FHNOatmUq0sqJOkTx+UF/9YK1f180cnW5FVqnQMvYUN0elp6wFzbtPSiqbo1/ru8ICp43JM1i7kKkk6GsNGHlA=="
      },
      "System.Memory": {
        "type": "Transitive",
        "resolved": "4.5.5",
        "contentHash": "XIWiDvKPXaTveaB7HVganDlOCRoj03l+jrwNvcge/t8vhGYKvqV+dMv6G4SAX2NoNmN0wZfVPTAlFwZcZvVOUw=="
      },
      "System.Numerics.Vectors": {
        "type": "Transitive",
        "resolved": "4.5.0",
        "contentHash": "QQTlPTl06J/iiDbJCiepZ4H//BVraReU4O4EoRw1U02H5TLUIT7xn3GnDp9AXPSlJUDyFs4uWjWafNX6WrAojQ=="
      },
      "System.Reflection.Metadata": {
        "type": "Transitive",
        "resolved": "8.0.0",
        "contentHash": "ptvgrFh7PvWI8bcVqG5rsA/weWM09EnthFHR5SCnS6IN+P4mj6rE1lBDC4U8HL9/57htKAqy4KQ3bBj84cfYyQ==",
        "dependencies": {
          "System.Collections.Immutable": "8.0.0"
        }
      },
      "System.Runtime.CompilerServices.Unsafe": {
        "type": "Transitive",
        "resolved": "6.0.0",
        "contentHash": "/iUeP3tq1S0XdNNoMz5C9twLSrM/TH+qElHkXWaPvuNOt+99G75NrV0OS2EqHx5wMN7popYjpc8oTjC1y16DLg=="
      },
      "System.Text.Encoding.CodePages": {
        "type": "Transitive",
        "resolved": "7.0.0",
        "contentHash": "LSyCblMpvOe0N3E+8e0skHcrIhgV2huaNcjUUEa8hRtgEAm36aGkRoC8Jxlb6Ra6GSfF29ftduPNywin8XolzQ=="
      },
      "System.Threading.Channels": {
        "type": "Transitive",
        "resolved": "7.0.0",
        "contentHash": "qmeeYNROMsONF6ndEZcIQ+VxR4Q/TX/7uIVLJqtwIWL7dDWeh0l1UIqgo4wYyjG//5lUNhwkLDSFl+pAWO6oiA=="
      },
      "System.Threading.Tasks.Extensions": {
        "type": "Transitive",
        "resolved": "4.5.4",
        "contentHash": "zteT+G8xuGu6mS+mzDzYXbzS7rd3K6Fjb9RiZlYlJPam2/hU7JCBZBVEcywNuR+oZ1ncTvc/cq0faRr3P01OVg=="
      }
    }
  }
}